// !$*UTF8*$!
{
	archiveVersion = 1;
	classes = {
	};
	objectVersion = 55;
	objects = {

/* Begin PBXBuildFile section */
		4B096B2427D3A38B00B57AFB /* LabelledTextfield.swift in Sources */ = {isa = PBXBuildFile; fileRef = 4B096B2327D3A38B00B57AFB /* LabelledTextfield.swift */; };
		4B096B2927D3AA6A00B57AFB /* LabelledTextfield.xib in Resources */ = {isa = PBXBuildFile; fileRef = 4B096B2827D3AA6A00B57AFB /* LabelledTextfield.xib */; };
		4B096B2B27D3CFFD00B57AFB /* Util.swift in Sources */ = {isa = PBXBuildFile; fileRef = 4B096B2A27D3CFFD00B57AFB /* Util.swift */; };
		4B2D445527E77542005915CF /* Persistable.swift in Sources */ = {isa = PBXBuildFile; fileRef = 4B2D445427E77542005915CF /* Persistable.swift */; };
		4B2D445727E7772A005915CF /* Loan.swift in Sources */ = {isa = PBXBuildFile; fileRef = 4B2D445627E7772A005915CF /* Loan.swift */; };
		4B44C2E927E0A7CE00314399 /* HistoryTVC.swift in Sources */ = {isa = PBXBuildFile; fileRef = 4B44C2E727E0A7CE00314399 /* HistoryTVC.swift */; };
		4B44C2EA27E0A7CE00314399 /* HistoryTVC.xib in Resources */ = {isa = PBXBuildFile; fileRef = 4B44C2E827E0A7CE00314399 /* HistoryTVC.xib */; };
		4B44E01F27C79F1B0036B6D6 /* AppDelegate.swift in Sources */ = {isa = PBXBuildFile; fileRef = 4B44E01E27C79F1B0036B6D6 /* AppDelegate.swift */; };
		4B44E02127C79F1B0036B6D6 /* SceneDelegate.swift in Sources */ = {isa = PBXBuildFile; fileRef = 4B44E02027C79F1B0036B6D6 /* SceneDelegate.swift */; };
		4B44E02327C79F1B0036B6D6 /* SavingsViewController.swift in Sources */ = {isa = PBXBuildFile; fileRef = 4B44E02227C79F1B0036B6D6 /* SavingsViewController.swift */; };
		4B44E02627C79F1B0036B6D6 /* Tabbar.storyboard in Resources */ = {isa = PBXBuildFile; fileRef = 4B44E02427C79F1B0036B6D6 /* Tabbar.storyboard */; };
		4B44E02827C79F1D0036B6D6 /* Assets.xcassets in Resources */ = {isa = PBXBuildFile; fileRef = 4B44E02727C79F1D0036B6D6 /* Assets.xcassets */; };
		4B44E02B27C79F1D0036B6D6 /* LaunchScreen.storyboard in Resources */ = {isa = PBXBuildFile; fileRef = 4B44E02927C79F1D0036B6D6 /* LaunchScreen.storyboard */; };
		4B44E03927C7A1F10036B6D6 /* Keyboard.xib in Resources */ = {isa = PBXBuildFile; fileRef = 4B44E03827C7A1F10036B6D6 /* Keyboard.xib */; };
		4B44E03B27C7A3360036B6D6 /* Keyboard.swift in Sources */ = {isa = PBXBuildFile; fileRef = 4B44E03A27C7A3360036B6D6 /* Keyboard.swift */; };
		4B44E03E27C7AB060036B6D6 /* Extensions.swift in Sources */ = {isa = PBXBuildFile; fileRef = 4B44E03D27C7AB060036B6D6 /* Extensions.swift */; };
		4B44E04327C7C86C0036B6D6 /* LandingViewController.swift in Sources */ = {isa = PBXBuildFile; fileRef = 4B44E04227C7C86C0036B6D6 /* LandingViewController.swift */; };
		4B44E04827C7C9990036B6D6 /* LandingCVC.swift in Sources */ = {isa = PBXBuildFile; fileRef = 4B44E04627C7C9990036B6D6 /* LandingCVC.swift */; };
		4B44E04927C7C9990036B6D6 /* LandingCVC.xib in Resources */ = {isa = PBXBuildFile; fileRef = 4B44E04727C7C9990036B6D6 /* LandingCVC.xib */; };
		4B44E04B27C7D7490036B6D6 /* Constants.swift in Sources */ = {isa = PBXBuildFile; fileRef = 4B44E04A27C7D7490036B6D6 /* Constants.swift */; };
		4B45296627D8B16B00813D86 /* HelpTVC.swift in Sources */ = {isa = PBXBuildFile; fileRef = 4B45296427D8B16B00813D86 /* HelpTVC.swift */; };
		4B45296727D8B16B00813D86 /* HelpTVC.xib in Resources */ = {isa = PBXBuildFile; fileRef = 4B45296527D8B16B00813D86 /* HelpTVC.xib */; };
		4B45296927D8B32600813D86 /* SettingsViewController.swift in Sources */ = {isa = PBXBuildFile; fileRef = 4B45296827D8B32600813D86 /* SettingsViewController.swift */; };
		4B45297227D8B78400813D86 /* ConfigurationTVC.swift in Sources */ = {isa = PBXBuildFile; fileRef = 4B45297027D8B78400813D86 /* ConfigurationTVC.swift */; };
		4B45297327D8B78400813D86 /* ConfigurationTVC.xib in Resources */ = {isa = PBXBuildFile; fileRef = 4B45297127D8B78400813D86 /* ConfigurationTVC.xib */; };
		4B45297627D8E1FE00813D86 /* Enumerable.swift in Sources */ = {isa = PBXBuildFile; fileRef = 4B45297527D8E1FD00813D86 /* Enumerable.swift */; };
		4B45297A27D8E27000813D86 /* Configuration.swift in Sources */ = {isa = PBXBuildFile; fileRef = 4B45297927D8E27000813D86 /* Configuration.swift */; };
		4B45297C27D8FE7200813D86 /* HistoryViewController.swift in Sources */ = {isa = PBXBuildFile; fileRef = 4B45297B27D8FE7200813D86 /* HistoryViewController.swift */; };
		4B681CA227DB313E0030704D /* StackedScrollView.xib in Resources */ = {isa = PBXBuildFile; fileRef = 4B681CA127DB313E0030704D /* StackedScrollView.xib */; };
		4B681CA427DB31530030704D /* StackedScrollView.swift in Sources */ = {isa = PBXBuildFile; fileRef = 4B681CA327DB31530030704D /* StackedScrollView.swift */; };
		4B681CA627DB34610030704D /* LoansViewController.swift in Sources */ = {isa = PBXBuildFile; fileRef = 4B681CA527DB34610030704D /* LoansViewController.swift */; };
		4B9C6DB427D0DF0200A7EC3C /* Raleway-Light.ttf in Resources */ = {isa = PBXBuildFile; fileRef = 4B9C6DB327D0DD5700A7EC3C /* Raleway-Light.ttf */; };
		4B9C6DB527D0DF0600A7EC3C /* Raleway-Regular.ttf in Resources */ = {isa = PBXBuildFile; fileRef = 4B9C6DB127D0DD5700A7EC3C /* Raleway-Regular.ttf */; };
		4B9C6DB627D0DF0600A7EC3C /* Raleway-Thin.ttf in Resources */ = {isa = PBXBuildFile; fileRef = 4B9C6DB227D0DD5700A7EC3C /* Raleway-Thin.ttf */; };
		4B9C6DB727D0DF0600A7EC3C /* Raleway-Medium.ttf in Resources */ = {isa = PBXBuildFile; fileRef = 4B9C6DAF27D0DD5700A7EC3C /* Raleway-Medium.ttf */; };
		4B9C6DB827D0DF0600A7EC3C /* Raleway-SemiBold.ttf in Resources */ = {isa = PBXBuildFile; fileRef = 4B9C6DB027D0DD5700A7EC3C /* Raleway-SemiBold.ttf */; };
		4BB32F2D27DA41680077C498 /* SavedState.swift in Sources */ = {isa = PBXBuildFile; fileRef = 4BB32F2C27DA41680077C498 /* SavedState.swift */; };
		4BB32F2F27DA4F3D0077C498 /* RootStatefulViewController.swift in Sources */ = {isa = PBXBuildFile; fileRef = 4BB32F2E27DA4F3D0077C498 /* RootStatefulViewController.swift */; };
		4BB32F3127DA60E20077C498 /* MortgageViewController.swift in Sources */ = {isa = PBXBuildFile; fileRef = 4BB32F3027DA60E20077C498 /* MortgageViewController.swift */; };
		4BD40A8627DA01B600CB377E /* ImageCardWithButton.swift in Sources */ = {isa = PBXBuildFile; fileRef = 4BD40A8527DA01B600CB377E /* ImageCardWithButton.swift */; };
		4BF3D66227DC7A0D00E3C13B /* HelpViewController.swift in Sources */ = {isa = PBXBuildFile; fileRef = 4BF3D66127DC7A0D00E3C13B /* HelpViewController.swift */; };
		4BFA4AF227D99BD7001AB5A5 /* MoreInfoView.swift in Sources */ = {isa = PBXBuildFile; fileRef = 4BFA4AF127D99BD7001AB5A5 /* MoreInfoView.swift */; };
		4BFA4AF527D99BE6001AB5A5 /* MoreInfoView.xib in Resources */ = {isa = PBXBuildFile; fileRef = 4BFA4AF427D99BE6001AB5A5 /* MoreInfoView.xib */; };
		4BFA4AF727D99DE1001AB5A5 /* CalculationViewController.swift in Sources */ = {isa = PBXBuildFile; fileRef = 4BFA4AF627D99DE1001AB5A5 /* CalculationViewController.swift */; };
		4BFA4AFA27D99F8E001AB5A5 /* CalculationTVC.swift in Sources */ = {isa = PBXBuildFile; fileRef = 4BFA4AF827D99F8E001AB5A5 /* CalculationTVC.swift */; };
		4BFA4AFB27D99F8E001AB5A5 /* CalculationTVC.xib in Resources */ = {isa = PBXBuildFile; fileRef = 4BFA4AF927D99F8E001AB5A5 /* CalculationTVC.xib */; };
/* End PBXBuildFile section */

/* Begin PBXFileReference section */
		4B096B2327D3A38B00B57AFB /* LabelledTextfield.swift */ = {isa = PBXFileReference; lastKnownFileType = sourcecode.swift; path = LabelledTextfield.swift; sourceTree = "<group>"; };
		4B096B2827D3AA6A00B57AFB /* LabelledTextfield.xib */ = {isa = PBXFileReference; lastKnownFileType = file.xib; path = LabelledTextfield.xib; sourceTree = "<group>"; };
		4B096B2A27D3CFFD00B57AFB /* Util.swift */ = {isa = PBXFileReference; lastKnownFileType = sourcecode.swift; path = Util.swift; sourceTree = "<group>"; };
		4B2D445427E77542005915CF /* Persistable.swift */ = {isa = PBXFileReference; lastKnownFileType = sourcecode.swift; path = Persistable.swift; sourceTree = "<group>"; };
		4B2D445627E7772A005915CF /* Loan.swift */ = {isa = PBXFileReference; lastKnownFileType = sourcecode.swift; path = Loan.swift; sourceTree = "<group>"; };
		4B44C2E727E0A7CE00314399 /* HistoryTVC.swift */ = {isa = PBXFileReference; lastKnownFileType = sourcecode.swift; path = HistoryTVC.swift; sourceTree = "<group>"; };
		4B44C2E827E0A7CE00314399 /* HistoryTVC.xib */ = {isa = PBXFileReference; lastKnownFileType = file.xib; path = HistoryTVC.xib; sourceTree = "<group>"; };
		4B44E01B27C79F1B0036B6D6 /* iOSConverter.app */ = {isa = PBXFileReference; explicitFileType = wrapper.application; includeInIndex = 0; path = iOSConverter.app; sourceTree = BUILT_PRODUCTS_DIR; };
		4B44E01E27C79F1B0036B6D6 /* AppDelegate.swift */ = {isa = PBXFileReference; lastKnownFileType = sourcecode.swift; path = AppDelegate.swift; sourceTree = "<group>"; };
		4B44E02027C79F1B0036B6D6 /* SceneDelegate.swift */ = {isa = PBXFileReference; lastKnownFileType = sourcecode.swift; path = SceneDelegate.swift; sourceTree = "<group>"; };
		4B44E02227C79F1B0036B6D6 /* SavingsViewController.swift */ = {isa = PBXFileReference; lastKnownFileType = sourcecode.swift; path = SavingsViewController.swift; sourceTree = "<group>"; };
		4B44E02527C79F1B0036B6D6 /* Base */ = {isa = PBXFileReference; lastKnownFileType = file.storyboard; name = Base; path = Base.lproj/Tabbar.storyboard; sourceTree = "<group>"; };
		4B44E02727C79F1D0036B6D6 /* Assets.xcassets */ = {isa = PBXFileReference; lastKnownFileType = folder.assetcatalog; path = Assets.xcassets; sourceTree = "<group>"; };
		4B44E02A27C79F1D0036B6D6 /* Base */ = {isa = PBXFileReference; lastKnownFileType = file.storyboard; name = Base; path = Base.lproj/LaunchScreen.storyboard; sourceTree = "<group>"; };
		4B44E02C27C79F1D0036B6D6 /* Info.plist */ = {isa = PBXFileReference; lastKnownFileType = text.plist.xml; path = Info.plist; sourceTree = "<group>"; };
		4B44E03827C7A1F10036B6D6 /* Keyboard.xib */ = {isa = PBXFileReference; lastKnownFileType = file.xib; path = Keyboard.xib; sourceTree = "<group>"; };
		4B44E03A27C7A3360036B6D6 /* Keyboard.swift */ = {isa = PBXFileReference; lastKnownFileType = sourcecode.swift; path = Keyboard.swift; sourceTree = "<group>"; };
		4B44E03D27C7AB060036B6D6 /* Extensions.swift */ = {isa = PBXFileReference; lastKnownFileType = sourcecode.swift; path = Extensions.swift; sourceTree = "<group>"; };
		4B44E04227C7C86C0036B6D6 /* LandingViewController.swift */ = {isa = PBXFileReference; lastKnownFileType = sourcecode.swift; path = LandingViewController.swift; sourceTree = "<group>"; };
		4B44E04627C7C9990036B6D6 /* LandingCVC.swift */ = {isa = PBXFileReference; lastKnownFileType = sourcecode.swift; path = LandingCVC.swift; sourceTree = "<group>"; };
		4B44E04727C7C9990036B6D6 /* LandingCVC.xib */ = {isa = PBXFileReference; lastKnownFileType = file.xib; path = LandingCVC.xib; sourceTree = "<group>"; };
		4B44E04A27C7D7490036B6D6 /* Constants.swift */ = {isa = PBXFileReference; lastKnownFileType = sourcecode.swift; path = Constants.swift; sourceTree = "<group>"; };
		4B45296427D8B16B00813D86 /* HelpTVC.swift */ = {isa = PBXFileReference; lastKnownFileType = sourcecode.swift; path = HelpTVC.swift; sourceTree = "<group>"; };
		4B45296527D8B16B00813D86 /* HelpTVC.xib */ = {isa = PBXFileReference; lastKnownFileType = file.xib; path = HelpTVC.xib; sourceTree = "<group>"; };
		4B45296827D8B32600813D86 /* SettingsViewController.swift */ = {isa = PBXFileReference; lastKnownFileType = sourcecode.swift; path = SettingsViewController.swift; sourceTree = "<group>"; };
		4B45297027D8B78400813D86 /* ConfigurationTVC.swift */ = {isa = PBXFileReference; lastKnownFileType = sourcecode.swift; path = ConfigurationTVC.swift; sourceTree = "<group>"; };
		4B45297127D8B78400813D86 /* ConfigurationTVC.xib */ = {isa = PBXFileReference; lastKnownFileType = file.xib; path = ConfigurationTVC.xib; sourceTree = "<group>"; };
		4B45297527D8E1FD00813D86 /* Enumerable.swift */ = {isa = PBXFileReference; lastKnownFileType = sourcecode.swift; path = Enumerable.swift; sourceTree = "<group>"; };
		4B45297927D8E27000813D86 /* Configuration.swift */ = {isa = PBXFileReference; lastKnownFileType = sourcecode.swift; path = Configuration.swift; sourceTree = "<group>"; };
		4B45297B27D8FE7200813D86 /* HistoryViewController.swift */ = {isa = PBXFileReference; lastKnownFileType = sourcecode.swift; path = HistoryViewController.swift; sourceTree = "<group>"; };
		4B681CA127DB313E0030704D /* StackedScrollView.xib */ = {isa = PBXFileReference; lastKnownFileType = file.xib; path = StackedScrollView.xib; sourceTree = "<group>"; };
		4B681CA327DB31530030704D /* StackedScrollView.swift */ = {isa = PBXFileReference; lastKnownFileType = sourcecode.swift; path = StackedScrollView.swift; sourceTree = "<group>"; };
		4B681CA527DB34610030704D /* LoansViewController.swift */ = {isa = PBXFileReference; lastKnownFileType = sourcecode.swift; path = LoansViewController.swift; sourceTree = "<group>"; };
		4B9C6DAF27D0DD5700A7EC3C /* Raleway-Medium.ttf */ = {isa = PBXFileReference; lastKnownFileType = file; path = "Raleway-Medium.ttf"; sourceTree = "<group>"; };
		4B9C6DB027D0DD5700A7EC3C /* Raleway-SemiBold.ttf */ = {isa = PBXFileReference; lastKnownFileType = file; path = "Raleway-SemiBold.ttf"; sourceTree = "<group>"; };
		4B9C6DB127D0DD5700A7EC3C /* Raleway-Regular.ttf */ = {isa = PBXFileReference; lastKnownFileType = file; path = "Raleway-Regular.ttf"; sourceTree = "<group>"; };
		4B9C6DB227D0DD5700A7EC3C /* Raleway-Thin.ttf */ = {isa = PBXFileReference; lastKnownFileType = file; path = "Raleway-Thin.ttf"; sourceTree = "<group>"; };
		4B9C6DB327D0DD5700A7EC3C /* Raleway-Light.ttf */ = {isa = PBXFileReference; lastKnownFileType = file; path = "Raleway-Light.ttf"; sourceTree = "<group>"; };
		4BB32F2C27DA41680077C498 /* SavedState.swift */ = {isa = PBXFileReference; lastKnownFileType = sourcecode.swift; path = SavedState.swift; sourceTree = "<group>"; };
		4BB32F2E27DA4F3D0077C498 /* RootStatefulViewController.swift */ = {isa = PBXFileReference; lastKnownFileType = sourcecode.swift; path = RootStatefulViewController.swift; sourceTree = "<group>"; };
		4BB32F3027DA60E20077C498 /* MortgageViewController.swift */ = {isa = PBXFileReference; lastKnownFileType = sourcecode.swift; path = MortgageViewController.swift; sourceTree = "<group>"; };
		4BD40A8527DA01B600CB377E /* ImageCardWithButton.swift */ = {isa = PBXFileReference; lastKnownFileType = sourcecode.swift; path = ImageCardWithButton.swift; sourceTree = "<group>"; };
		4BF3D66127DC7A0D00E3C13B /* HelpViewController.swift */ = {isa = PBXFileReference; lastKnownFileType = sourcecode.swift; path = HelpViewController.swift; sourceTree = "<group>"; };
		4BFA4AF127D99BD7001AB5A5 /* MoreInfoView.swift */ = {isa = PBXFileReference; lastKnownFileType = sourcecode.swift; path = MoreInfoView.swift; sourceTree = "<group>"; };
		4BFA4AF427D99BE6001AB5A5 /* MoreInfoView.xib */ = {isa = PBXFileReference; lastKnownFileType = file.xib; path = MoreInfoView.xib; sourceTree = "<group>"; };
		4BFA4AF627D99DE1001AB5A5 /* CalculationViewController.swift */ = {isa = PBXFileReference; lastKnownFileType = sourcecode.swift; path = CalculationViewController.swift; sourceTree = "<group>"; };
		4BFA4AF827D99F8E001AB5A5 /* CalculationTVC.swift */ = {isa = PBXFileReference; lastKnownFileType = sourcecode.swift; path = CalculationTVC.swift; sourceTree = "<group>"; };
		4BFA4AF927D99F8E001AB5A5 /* CalculationTVC.xib */ = {isa = PBXFileReference; lastKnownFileType = file.xib; path = CalculationTVC.xib; sourceTree = "<group>"; };
/* End PBXFileReference section */

/* Begin PBXFrameworksBuildPhase section */
		4B44E01827C79F1B0036B6D6 /* Frameworks */ = {
			isa = PBXFrameworksBuildPhase;
			buildActionMask = 2147483647;
			files = (
			);
			runOnlyForDeploymentPostprocessing = 0;
		};
/* End PBXFrameworksBuildPhase section */

/* Begin PBXGroup section */
		4B096B2527D3A39100B57AFB /* LabelledTextfield */ = {
			isa = PBXGroup;
			children = (
				4B096B2327D3A38B00B57AFB /* LabelledTextfield.swift */,
				4B096B2827D3AA6A00B57AFB /* LabelledTextfield.xib */,
			);
			path = LabelledTextfield;
			sourceTree = "<group>";
		};
		4B44C2E627E0A7A800314399 /* HistoryTVC */ = {
			isa = PBXGroup;
			children = (
				4B44C2E727E0A7CE00314399 /* HistoryTVC.swift */,
				4B44C2E827E0A7CE00314399 /* HistoryTVC.xib */,
			);
			path = HistoryTVC;
			sourceTree = "<group>";
		};
		4B44E01227C79F1B0036B6D6 = {
			isa = PBXGroup;
			children = (
				4B44E01D27C79F1B0036B6D6 /* iOSConverter */,
				4B44E01C27C79F1B0036B6D6 /* Products */,
			);
			sourceTree = "<group>";
		};
		4B44E01C27C79F1B0036B6D6 /* Products */ = {
			isa = PBXGroup;
			children = (
				4B44E01B27C79F1B0036B6D6 /* iOSConverter.app */,
			);
			name = Products;
			sourceTree = "<group>";
		};
		4B44E01D27C79F1B0036B6D6 /* iOSConverter */ = {
			isa = PBXGroup;
			children = (
				4B44E03F27C7AB0B0036B6D6 /* Utilities */,
				4B44E03227C79F7E0036B6D6 /* Startup */,
				4B45297727D8E24E00813D86 /* Models */,
				4B44E03327C79F8A0036B6D6 /* Controllers */,
				4B44E03427C79F9A0036B6D6 /* Views */,
				4B44E03527C79FA50036B6D6 /* Resources */,
				4B44E02C27C79F1D0036B6D6 /* Info.plist */,
				4B44E04A27C7D7490036B6D6 /* Constants.swift */,
			);
			path = iOSConverter;
			sourceTree = "<group>";
		};
		4B44E03227C79F7E0036B6D6 /* Startup */ = {
			isa = PBXGroup;
			children = (
				4B44E01E27C79F1B0036B6D6 /* AppDelegate.swift */,
				4B44E02027C79F1B0036B6D6 /* SceneDelegate.swift */,
			);
			path = Startup;
			sourceTree = "<group>";
		};
		4B44E03327C79F8A0036B6D6 /* Controllers */ = {
			isa = PBXGroup;
			children = (
				4B44E02227C79F1B0036B6D6 /* SavingsViewController.swift */,
				4BF3D66127DC7A0D00E3C13B /* HelpViewController.swift */,
				4BFA4AF627D99DE1001AB5A5 /* CalculationViewController.swift */,
				4B44E04227C7C86C0036B6D6 /* LandingViewController.swift */,
				4B45296827D8B32600813D86 /* SettingsViewController.swift */,
				4B45297B27D8FE7200813D86 /* HistoryViewController.swift */,
				4BB32F2E27DA4F3D0077C498 /* RootStatefulViewController.swift */,
				4BB32F3027DA60E20077C498 /* MortgageViewController.swift */,
				4B681CA527DB34610030704D /* LoansViewController.swift */,
			);
			path = Controllers;
			sourceTree = "<group>";
		};
		4B44E03427C79F9A0036B6D6 /* Views */ = {
			isa = PBXGroup;
			children = (
				4B44E03727C79FC70036B6D6 /* Reusables */,
				4B44E03627C79FBE0036B6D6 /* Storyboards */,
			);
			path = Views;
			sourceTree = "<group>";
		};
		4B44E03527C79FA50036B6D6 /* Resources */ = {
			isa = PBXGroup;
			children = (
				4B9C6DAD27D0DC5600A7EC3C /* Fonts */,
				4B44E02727C79F1D0036B6D6 /* Assets.xcassets */,
			);
			path = Resources;
			sourceTree = "<group>";
		};
		4B44E03627C79FBE0036B6D6 /* Storyboards */ = {
			isa = PBXGroup;
			children = (
				4B44E02427C79F1B0036B6D6 /* Tabbar.storyboard */,
				4B44E02927C79F1D0036B6D6 /* LaunchScreen.storyboard */,
			);
			path = Storyboards;
			sourceTree = "<group>";
		};
		4B44E03727C79FC70036B6D6 /* Reusables */ = {
			isa = PBXGroup;
			children = (
				4B44E04427C7C96A0036B6D6 /* Cells */,
				4B44E03C27C7A33B0036B6D6 /* Keyboard */,
				4B096B2527D3A39100B57AFB /* LabelledTextfield */,
				4BFA4AF327D99BDC001AB5A5 /* MoreInfo */,
				4BD40A8527DA01B600CB377E /* ImageCardWithButton.swift */,
				4B681CA127DB313E0030704D /* StackedScrollView.xib */,
				4B681CA327DB31530030704D /* StackedScrollView.swift */,
			);
			path = Reusables;
			sourceTree = "<group>";
		};
		4B44E03C27C7A33B0036B6D6 /* Keyboard */ = {
			isa = PBXGroup;
			children = (
				4B44E03827C7A1F10036B6D6 /* Keyboard.xib */,
				4B44E03A27C7A3360036B6D6 /* Keyboard.swift */,
			);
			path = Keyboard;
			sourceTree = "<group>";
		};
		4B44E03F27C7AB0B0036B6D6 /* Utilities */ = {
			isa = PBXGroup;
			children = (
				4B44E03D27C7AB060036B6D6 /* Extensions.swift */,
				4B096B2A27D3CFFD00B57AFB /* Util.swift */,
			);
			path = Utilities;
			sourceTree = "<group>";
		};
		4B44E04427C7C96A0036B6D6 /* Cells */ = {
			isa = PBXGroup;
			children = (
				4B45296327D8B12E00813D86 /* TableView */,
				4B44E04527C7C9740036B6D6 /* CollectionView */,
			);
			path = Cells;
			sourceTree = "<group>";
		};
		4B44E04527C7C9740036B6D6 /* CollectionView */ = {
			isa = PBXGroup;
			children = (
				4B44E04627C7C9990036B6D6 /* LandingCVC.swift */,
				4B44E04727C7C9990036B6D6 /* LandingCVC.xib */,
			);
			path = CollectionView;
			sourceTree = "<group>";
		};
		4B45296327D8B12E00813D86 /* TableView */ = {
			isa = PBXGroup;
			children = (
				4B44C2E627E0A7A800314399 /* HistoryTVC */,
				4B45296A27D8B71300813D86 /* Help */,
				4B45297427D8B78A00813D86 /* Configuration */,
				4BFA4AFC27D99F94001AB5A5 /* CalculationTVC */,
			);
			path = TableView;
			sourceTree = "<group>";
		};
		4B45296A27D8B71300813D86 /* Help */ = {
			isa = PBXGroup;
			children = (
				4B45296427D8B16B00813D86 /* HelpTVC.swift */,
				4B45296527D8B16B00813D86 /* HelpTVC.xib */,
			);
			path = Help;
			sourceTree = "<group>";
		};
		4B45297427D8B78A00813D86 /* Configuration */ = {
			isa = PBXGroup;
			children = (
				4B45297027D8B78400813D86 /* ConfigurationTVC.swift */,
				4B45297127D8B78400813D86 /* ConfigurationTVC.xib */,
			);
			path = Configuration;
			sourceTree = "<group>";
		};
		4B45297727D8E24E00813D86 /* Models */ = {
			isa = PBXGroup;
			children = (
				4B45297827D8E25400813D86 /* Protocols */,
				4B45297927D8E27000813D86 /* Configuration.swift */,
				4BB32F2C27DA41680077C498 /* SavedState.swift */,
				4B2D445627E7772A005915CF /* Loan.swift */,
			);
			path = Models;
			sourceTree = "<group>";
		};
		4B45297827D8E25400813D86 /* Protocols */ = {
			isa = PBXGroup;
			children = (
				4B45297527D8E1FD00813D86 /* Enumerable.swift */,
				4B2D445427E77542005915CF /* Persistable.swift */,
			);
			path = Protocols;
			sourceTree = "<group>";
		};
		4B9C6DAD27D0DC5600A7EC3C /* Fonts */ = {
			isa = PBXGroup;
			children = (
				4B9C6DB327D0DD5700A7EC3C /* Raleway-Light.ttf */,
				4B9C6DAF27D0DD5700A7EC3C /* Raleway-Medium.ttf */,
				4B9C6DB127D0DD5700A7EC3C /* Raleway-Regular.ttf */,
				4B9C6DB027D0DD5700A7EC3C /* Raleway-SemiBold.ttf */,
				4B9C6DB227D0DD5700A7EC3C /* Raleway-Thin.ttf */,
			);
			path = Fonts;
			sourceTree = "<group>";
		};
		4BFA4AF327D99BDC001AB5A5 /* MoreInfo */ = {
			isa = PBXGroup;
			children = (
				4BFA4AF127D99BD7001AB5A5 /* MoreInfoView.swift */,
				4BFA4AF427D99BE6001AB5A5 /* MoreInfoView.xib */,
			);
			path = MoreInfo;
			sourceTree = "<group>";
		};
		4BFA4AFC27D99F94001AB5A5 /* CalculationTVC */ = {
			isa = PBXGroup;
			children = (
				4BFA4AF827D99F8E001AB5A5 /* CalculationTVC.swift */,
				4BFA4AF927D99F8E001AB5A5 /* CalculationTVC.xib */,
			);
			path = CalculationTVC;
			sourceTree = "<group>";
		};
/* End PBXGroup section */

/* Begin PBXNativeTarget section */
		4B44E01A27C79F1B0036B6D6 /* iOSConverter */ = {
			isa = PBXNativeTarget;
			buildConfigurationList = 4B44E02F27C79F1D0036B6D6 /* Build configuration list for PBXNativeTarget "iOSConverter" */;
			buildPhases = (
				4B44E01727C79F1B0036B6D6 /* Sources */,
				4B44E01827C79F1B0036B6D6 /* Frameworks */,
				4B44E01927C79F1B0036B6D6 /* Resources */,
			);
			buildRules = (
			);
			dependencies = (
			);
			name = iOSConverter;
			productName = iOSConverter;
			productReference = 4B44E01B27C79F1B0036B6D6 /* iOSConverter.app */;
			productType = "com.apple.product-type.application";
		};
/* End PBXNativeTarget section */

/* Begin PBXProject section */
		4B44E01327C79F1B0036B6D6 /* Project object */ = {
			isa = PBXProject;
			attributes = {
				BuildIndependentTargetsInParallel = 1;
				LastSwiftUpdateCheck = 1300;
				LastUpgradeCheck = 1300;
				TargetAttributes = {
					4B44E01A27C79F1B0036B6D6 = {
						CreatedOnToolsVersion = 13.0;
					};
				};
			};
			buildConfigurationList = 4B44E01627C79F1B0036B6D6 /* Build configuration list for PBXProject "iOSConverter" */;
			compatibilityVersion = "Xcode 13.0";
			developmentRegion = en;
			hasScannedForEncodings = 0;
			knownRegions = (
				en,
				Base,
			);
			mainGroup = 4B44E01227C79F1B0036B6D6;
			productRefGroup = 4B44E01C27C79F1B0036B6D6 /* Products */;
			projectDirPath = "";
			projectRoot = "";
			targets = (
				4B44E01A27C79F1B0036B6D6 /* iOSConverter */,
			);
		};
/* End PBXProject section */

/* Begin PBXResourcesBuildPhase section */
		4B44E01927C79F1B0036B6D6 /* Resources */ = {
			isa = PBXResourcesBuildPhase;
			buildActionMask = 2147483647;
			files = (
				4B44E04927C7C9990036B6D6 /* LandingCVC.xib in Resources */,
				4B096B2927D3AA6A00B57AFB /* LabelledTextfield.xib in Resources */,
				4B9C6DB627D0DF0600A7EC3C /* Raleway-Thin.ttf in Resources */,
				4B44E02B27C79F1D0036B6D6 /* LaunchScreen.storyboard in Resources */,
				4B44E02827C79F1D0036B6D6 /* Assets.xcassets in Resources */,
				4B9C6DB727D0DF0600A7EC3C /* Raleway-Medium.ttf in Resources */,
				4B9C6DB527D0DF0600A7EC3C /* Raleway-Regular.ttf in Resources */,
				4B9C6DB427D0DF0200A7EC3C /* Raleway-Light.ttf in Resources */,
				4B44E03927C7A1F10036B6D6 /* Keyboard.xib in Resources */,
				4BFA4AF527D99BE6001AB5A5 /* MoreInfoView.xib in Resources */,
				4B44C2EA27E0A7CE00314399 /* HistoryTVC.xib in Resources */,
				4B44E02627C79F1B0036B6D6 /* Tabbar.storyboard in Resources */,
				4B45296727D8B16B00813D86 /* HelpTVC.xib in Resources */,
				4B45297327D8B78400813D86 /* ConfigurationTVC.xib in Resources */,
				4B9C6DB827D0DF0600A7EC3C /* Raleway-SemiBold.ttf in Resources */,
				4BFA4AFB27D99F8E001AB5A5 /* CalculationTVC.xib in Resources */,
				4B681CA227DB313E0030704D /* StackedScrollView.xib in Resources */,
			);
			runOnlyForDeploymentPostprocessing = 0;
		};
/* End PBXResourcesBuildPhase section */

/* Begin PBXSourcesBuildPhase section */
		4B44E01727C79F1B0036B6D6 /* Sources */ = {
			isa = PBXSourcesBuildPhase;
			buildActionMask = 2147483647;
			files = (
				4BFA4AF227D99BD7001AB5A5 /* MoreInfoView.swift in Sources */,
				4B096B2B27D3CFFD00B57AFB /* Util.swift in Sources */,
				4B2D445527E77542005915CF /* Persistable.swift in Sources */,
				4BB32F2F27DA4F3D0077C498 /* RootStatefulViewController.swift in Sources */,
				4BF3D66227DC7A0D00E3C13B /* HelpViewController.swift in Sources */,
				4B44E03E27C7AB060036B6D6 /* Extensions.swift in Sources */,
				4BFA4AFA27D99F8E001AB5A5 /* CalculationTVC.swift in Sources */,
				4B44E04327C7C86C0036B6D6 /* LandingViewController.swift in Sources */,
				4BFA4AF727D99DE1001AB5A5 /* CalculationViewController.swift in Sources */,
				4B44E02327C79F1B0036B6D6 /* SavingsViewController.swift in Sources */,
				4B45297227D8B78400813D86 /* ConfigurationTVC.swift in Sources */,
				4B44E04827C7C9990036B6D6 /* LandingCVC.swift in Sources */,
				4BD40A8627DA01B600CB377E /* ImageCardWithButton.swift in Sources */,
				4B681CA427DB31530030704D /* StackedScrollView.swift in Sources */,
				4B45297A27D8E27000813D86 /* Configuration.swift in Sources */,
				4B45297C27D8FE7200813D86 /* HistoryViewController.swift in Sources */,
				4B44E01F27C79F1B0036B6D6 /* AppDelegate.swift in Sources */,
				4B44E03B27C7A3360036B6D6 /* Keyboard.swift in Sources */,
				4B44E02127C79F1B0036B6D6 /* SceneDelegate.swift in Sources */,
				4BB32F3127DA60E20077C498 /* MortgageViewController.swift in Sources */,
				4BB32F2D27DA41680077C498 /* SavedState.swift in Sources */,
				4B096B2427D3A38B00B57AFB /* LabelledTextfield.swift in Sources */,
				4B44E04B27C7D7490036B6D6 /* Constants.swift in Sources */,
				4B45296627D8B16B00813D86 /* HelpTVC.swift in Sources */,
				4B2D445727E7772A005915CF /* Loan.swift in Sources */,
				4B681CA627DB34610030704D /* LoansViewController.swift in Sources */,
				4B45296927D8B32600813D86 /* SettingsViewController.swift in Sources */,
				4B44C2E927E0A7CE00314399 /* HistoryTVC.swift in Sources */,
				4B45297627D8E1FE00813D86 /* Enumerable.swift in Sources */,
			);
			runOnlyForDeploymentPostprocessing = 0;
		};
/* End PBXSourcesBuildPhase section */

/* Begin PBXVariantGroup section */
		4B44E02427C79F1B0036B6D6 /* Tabbar.storyboard */ = {
			isa = PBXVariantGroup;
			children = (
				4B44E02527C79F1B0036B6D6 /* Base */,
			);
			name = Tabbar.storyboard;
			sourceTree = "<group>";
		};
		4B44E02927C79F1D0036B6D6 /* LaunchScreen.storyboard */ = {
			isa = PBXVariantGroup;
			children = (
				4B44E02A27C79F1D0036B6D6 /* Base */,
			);
			name = LaunchScreen.storyboard;
			sourceTree = "<group>";
		};
/* End PBXVariantGroup section */

/* Begin XCBuildConfiguration section */
		4B44E02D27C79F1D0036B6D6 /* Debug */ = {
			isa = XCBuildConfiguration;
			buildSettings = {
				ALWAYS_SEARCH_USER_PATHS = NO;
				CLANG_ANALYZER_NONNULL = YES;
				CLANG_ANALYZER_NUMBER_OBJECT_CONVERSION = YES_AGGRESSIVE;
				CLANG_CXX_LANGUAGE_STANDARD = "gnu++17";
				CLANG_CXX_LIBRARY = "libc++";
				CLANG_ENABLE_MODULES = YES;
				CLANG_ENABLE_OBJC_ARC = YES;
				CLANG_ENABLE_OBJC_WEAK = YES;
				CLANG_WARN_BLOCK_CAPTURE_AUTORELEASING = YES;
				CLANG_WARN_BOOL_CONVERSION = YES;
				CLANG_WARN_COMMA = YES;
				CLANG_WARN_CONSTANT_CONVERSION = YES;
				CLANG_WARN_DEPRECATED_OBJC_IMPLEMENTATIONS = YES;
				CLANG_WARN_DIRECT_OBJC_ISA_USAGE = YES_ERROR;
				CLANG_WARN_DOCUMENTATION_COMMENTS = YES;
				CLANG_WARN_EMPTY_BODY = YES;
				CLANG_WARN_ENUM_CONVERSION = YES;
				CLANG_WARN_INFINITE_RECURSION = YES;
				CLANG_WARN_INT_CONVERSION = YES;
				CLANG_WARN_NON_LITERAL_NULL_CONVERSION = YES;
				CLANG_WARN_OBJC_IMPLICIT_RETAIN_SELF = YES;
				CLANG_WARN_OBJC_LITERAL_CONVERSION = YES;
				CLANG_WARN_OBJC_ROOT_CLASS = YES_ERROR;
				CLANG_WARN_QUOTED_INCLUDE_IN_FRAMEWORK_HEADER = YES;
				CLANG_WARN_RANGE_LOOP_ANALYSIS = YES;
				CLANG_WARN_STRICT_PROTOTYPES = YES;
				CLANG_WARN_SUSPICIOUS_MOVE = YES;
				CLANG_WARN_UNGUARDED_AVAILABILITY = YES_AGGRESSIVE;
				CLANG_WARN_UNREACHABLE_CODE = YES;
				CLANG_WARN__DUPLICATE_METHOD_MATCH = YES;
				COPY_PHASE_STRIP = NO;
				DEBUG_INFORMATION_FORMAT = dwarf;
				ENABLE_STRICT_OBJC_MSGSEND = YES;
				ENABLE_TESTABILITY = YES;
				GCC_C_LANGUAGE_STANDARD = gnu11;
				GCC_DYNAMIC_NO_PIC = NO;
				GCC_NO_COMMON_BLOCKS = YES;
				GCC_OPTIMIZATION_LEVEL = 0;
				GCC_PREPROCESSOR_DEFINITIONS = (
					"DEBUG=1",
					"$(inherited)",
				);
				GCC_WARN_64_TO_32_BIT_CONVERSION = YES;
				GCC_WARN_ABOUT_RETURN_TYPE = YES_ERROR;
				GCC_WARN_UNDECLARED_SELECTOR = YES;
				GCC_WARN_UNINITIALIZED_AUTOS = YES_AGGRESSIVE;
				GCC_WARN_UNUSED_FUNCTION = YES;
				GCC_WARN_UNUSED_VARIABLE = YES;
				IPHONEOS_DEPLOYMENT_TARGET = 15.0;
				MTL_ENABLE_DEBUG_INFO = INCLUDE_SOURCE;
				MTL_FAST_MATH = YES;
				ONLY_ACTIVE_ARCH = YES;
				SDKROOT = iphoneos;
				SWIFT_ACTIVE_COMPILATION_CONDITIONS = DEBUG;
				SWIFT_OPTIMIZATION_LEVEL = "-Onone";
			};
			name = Debug;
		};
		4B44E02E27C79F1D0036B6D6 /* Release */ = {
			isa = XCBuildConfiguration;
			buildSettings = {
				ALWAYS_SEARCH_USER_PATHS = NO;
				CLANG_ANALYZER_NONNULL = YES;
				CLANG_ANALYZER_NUMBER_OBJECT_CONVERSION = YES_AGGRESSIVE;
				CLANG_CXX_LANGUAGE_STANDARD = "gnu++17";
				CLANG_CXX_LIBRARY = "libc++";
				CLANG_ENABLE_MODULES = YES;
				CLANG_ENABLE_OBJC_ARC = YES;
				CLANG_ENABLE_OBJC_WEAK = YES;
				CLANG_WARN_BLOCK_CAPTURE_AUTORELEASING = YES;
				CLANG_WARN_BOOL_CONVERSION = YES;
				CLANG_WARN_COMMA = YES;
				CLANG_WARN_CONSTANT_CONVERSION = YES;
				CLANG_WARN_DEPRECATED_OBJC_IMPLEMENTATIONS = YES;
				CLANG_WARN_DIRECT_OBJC_ISA_USAGE = YES_ERROR;
				CLANG_WARN_DOCUMENTATION_COMMENTS = YES;
				CLANG_WARN_EMPTY_BODY = YES;
				CLANG_WARN_ENUM_CONVERSION = YES;
				CLANG_WARN_INFINITE_RECURSION = YES;
				CLANG_WARN_INT_CONVERSION = YES;
				CLANG_WARN_NON_LITERAL_NULL_CONVERSION = YES;
				CLANG_WARN_OBJC_IMPLICIT_RETAIN_SELF = YES;
				CLANG_WARN_OBJC_LITERAL_CONVERSION = YES;
				CLANG_WARN_OBJC_ROOT_CLASS = YES_ERROR;
				CLANG_WARN_QUOTED_INCLUDE_IN_FRAMEWORK_HEADER = YES;
				CLANG_WARN_RANGE_LOOP_ANALYSIS = YES;
				CLANG_WARN_STRICT_PROTOTYPES = YES;
				CLANG_WARN_SUSPICIOUS_MOVE = YES;
				CLANG_WARN_UNGUARDED_AVAILABILITY = YES_AGGRESSIVE;
				CLANG_WARN_UNREACHABLE_CODE = YES;
				CLANG_WARN__DUPLICATE_METHOD_MATCH = YES;
				COPY_PHASE_STRIP = NO;
				DEBUG_INFORMATION_FORMAT = "dwarf-with-dsym";
				ENABLE_NS_ASSERTIONS = NO;
				ENABLE_STRICT_OBJC_MSGSEND = YES;
				GCC_C_LANGUAGE_STANDARD = gnu11;
				GCC_NO_COMMON_BLOCKS = YES;
				GCC_WARN_64_TO_32_BIT_CONVERSION = YES;
				GCC_WARN_ABOUT_RETURN_TYPE = YES_ERROR;
				GCC_WARN_UNDECLARED_SELECTOR = YES;
				GCC_WARN_UNINITIALIZED_AUTOS = YES_AGGRESSIVE;
				GCC_WARN_UNUSED_FUNCTION = YES;
				GCC_WARN_UNUSED_VARIABLE = YES;
				IPHONEOS_DEPLOYMENT_TARGET = 15.0;
				MTL_ENABLE_DEBUG_INFO = NO;
				MTL_FAST_MATH = YES;
				SDKROOT = iphoneos;
				SWIFT_COMPILATION_MODE = wholemodule;
				SWIFT_OPTIMIZATION_LEVEL = "-O";
				VALIDATE_PRODUCT = YES;
			};
			name = Release;
		};
		4B44E03027C79F1D0036B6D6 /* Debug */ = {
			isa = XCBuildConfiguration;
			buildSettings = {
				ASSETCATALOG_COMPILER_APPICON_NAME = AppIcon;
				ASSETCATALOG_COMPILER_GLOBAL_ACCENT_COLOR_NAME = AccentColor;
				CODE_SIGN_STYLE = Automatic;
				CURRENT_PROJECT_VERSION = 1;
				DEVELOPMENT_TEAM = FVZ5PWG6VV;
				GENERATE_INFOPLIST_FILE = YES;
				INFOPLIST_FILE = iOSConverter/Info.plist;
				INFOPLIST_KEY_UIApplicationSupportsIndirectInputEvents = YES;
				INFOPLIST_KEY_UILaunchStoryboardName = LaunchScreen;
				INFOPLIST_KEY_UIMainStoryboardFile = Tabbar;
				INFOPLIST_KEY_UISupportedInterfaceOrientations = UIInterfaceOrientationPortrait;
				INFOPLIST_KEY_UISupportedInterfaceOrientations_iPad = "UIInterfaceOrientationPortrait UIInterfaceOrientationPortraitUpsideDown UIInterfaceOrientationLandscapeLeft UIInterfaceOrientationLandscapeRight";
				INFOPLIST_KEY_UISupportedInterfaceOrientations_iPhone = "UIInterfaceOrientationPortrait UIInterfaceOrientationLandscapeLeft UIInterfaceOrientationLandscapeRight";
				LD_RUNPATH_SEARCH_PATHS = (
					"$(inherited)",
					"@executable_path/Frameworks",
				);
				MARKETING_VERSION = 1.0;
				PRODUCT_BUNDLE_IDENTIFIER = com.visal.lk.iOSConverter;
				PRODUCT_NAME = "$(TARGET_NAME)";
				SWIFT_EMIT_LOC_STRINGS = YES;
				SWIFT_VERSION = 5.0;
				TARGETED_DEVICE_FAMILY = 1;
			};
			name = Debug;
		};
		4B44E03127C79F1D0036B6D6 /* Release */ = {
			isa = XCBuildConfiguration;
			buildSettings = {
				ASSETCATALOG_COMPILER_APPICON_NAME = AppIcon;
				ASSETCATALOG_COMPILER_GLOBAL_ACCENT_COLOR_NAME = AccentColor;
				CODE_SIGN_STYLE = Automatic;
				CURRENT_PROJECT_VERSION = 1;
				DEVELOPMENT_TEAM = FVZ5PWG6VV;
				GENERATE_INFOPLIST_FILE = YES;
				INFOPLIST_FILE = iOSConverter/Info.plist;
				INFOPLIST_KEY_UIApplicationSupportsIndirectInputEvents = YES;
				INFOPLIST_KEY_UILaunchStoryboardName = LaunchScreen;
				INFOPLIST_KEY_UIMainStoryboardFile = Tabbar;
				INFOPLIST_KEY_UISupportedInterfaceOrientations = UIInterfaceOrientationPortrait;
				INFOPLIST_KEY_UISupportedInterfaceOrientations_iPad = "UIInterfaceOrientationPortrait UIInterfaceOrientationPortraitUpsideDown UIInterfaceOrientationLandscapeLeft UIInterfaceOrientationLandscapeRight";
				INFOPLIST_KEY_UISupportedInterfaceOrientations_iPhone = "UIInterfaceOrientationPortrait UIInterfaceOrientationLandscapeLeft UIInterfaceOrientationLandscapeRight";
				LD_RUNPATH_SEARCH_PATHS = (
					"$(inherited)",
					"@executable_path/Frameworks",
				);
				MARKETING_VERSION = 1.0;
				PRODUCT_BUNDLE_IDENTIFIER = com.visal.lk.iOSConverter;
				PRODUCT_NAME = "$(TARGET_NAME)";
				SWIFT_EMIT_LOC_STRINGS = YES;
				SWIFT_VERSION = 5.0;
				TARGETED_DEVICE_FAMILY = 1;
			};
			name = Release;
		};
/* End XCBuildConfiguration section */

/* Begin XCConfigurationList section */
		4B44E01627C79F1B0036B6D6 /* Build configuration list for PBXProject "iOSConverter" */ = {
			isa = XCConfigurationList;
			buildConfigurations = (
				4B44E02D27C79F1D0036B6D6 /* Debug */,
				4B44E02E27C79F1D0036B6D6 /* Release */,
			);
			defaultConfigurationIsVisible = 0;
			defaultConfigurationName = Release;
		};
		4B44E02F27C79F1D0036B6D6 /* Build configuration list for PBXNativeTarget "iOSConverter" */ = {
			isa = XCConfigurationList;
			buildConfigurations = (
				4B44E03027C79F1D0036B6D6 /* Debug */,
				4B44E03127C79F1D0036B6D6 /* Release */,
			);
			defaultConfigurationIsVisible = 0;
			defaultConfigurationName = Release;
		};
/* End XCConfigurationList section */
	};
	rootObject = 4B44E01327C79F1B0036B6D6 /* Project object */;
}
